{
  "nodes": {
    "nixpkgs": {
      "locked": {
        "lastModified": 1607348767,
        "narHash": "sha256-3ci3OKIQnYHDoeyCWJbV/H3sScLJewhWeW5qjLHENLQ=",
        "owner": "NixOS",
        "repo": "nixpkgs",
        "rev": "3a02dc9edb283beb9580c9329f242ad705a721c3",
        "type": "github"
      },
      "original": {
        "owner": "NixOS",
        "ref": "nixos-20.09",
        "repo": "nixpkgs",
        "type": "github"
      }
    },
    "root": {
      "inputs": {
        "nixpkgs": "nixpkgs"
      }
    }
  },
  "root": "root",
  "version": 7
}
